
Microsoft Visual Studio Solution File, Format Version 12.00
# Visual Studio 15
VisualStudioVersion = 15.0.27130.2027
MinimumVisualStudioVersion = 10.0.40219.1
Project("{9A19103F-16F7-4668-BE54-9A1E7A4F7556}") = "Aurora.Core.Data", "..\Aurora.Core\Aurora.Core.Data\Aurora.Core.Data.csproj", "{1D167CE2-70DC-4D13-AEE0-0E786DB96D82}"
EndProject
Project("{9A19103F-16F7-4668-BE54-9A1E7A4F7556}") = "Aurora.SMS.Data", "Aurora.SMS.Data\Aurora.SMS.Data.csproj", "{9CC1BB6E-5953-4655-835B-501660917909}"
EndProject
Project("{9A19103F-16F7-4668-BE54-9A1E7A4F7556}") = "Aurora.SMS.EFModel", "Aurora.SMS.EFModel\Aurora.SMS.EFModel.csproj", "{D9A3D3F8-3584-432E-9AA8-1B73F5464FF9}"
EndProject
Project("{9A19103F-16F7-4668-BE54-9A1E7A4F7556}") = "Aurora.SMS.Service", "Aurora.SMS.Service\Aurora.SMS.Service.csproj", "{08100625-36BF-4B9D-AE51-26255C256C70}"
EndProject
Project("{9A19103F-16F7-4668-BE54-9A1E7A4F7556}") = "Aurora.Core.Data.Tests", "..\Aurora.Core\Aurora.Core.Data.Tests\Aurora.Core.Data.Tests.csproj", "{92DF12F7-6049-452A-B5D8-DF054397C79B}"
EndProject
Project("{9A19103F-16F7-4668-BE54-9A1E7A4F7556}") = "Aurora.SMS.Providers", "Aurora.SMS.Providers\Aurora.SMS.Providers.csproj", "{4292F568-73FE-4921-ADD3-99E9D54171C1}"
EndProject
Project("{9A19103F-16F7-4668-BE54-9A1E7A4F7556}") = "Aurora.Insurance.EFModel", "..\Aurora.Insurance\Aurora.Insurance.EFModel\Aurora.Insurance.EFModel.csproj", "{39F260D8-ACF5-49DB-AEAD-99E283E2BB21}"
EndProject
Project("{9A19103F-16F7-4668-BE54-9A1E7A4F7556}") = "Aurora.Insurance.Services", "..\Aurora.Insurance\Aurora.Insurance.Services\Aurora.Insurance.Services.csproj", "{391CA0F5-52FA-4623-8F78-CE427C19C78D}"
EndProject
Project("{9A19103F-16F7-4668-BE54-9A1E7A4F7556}") = "Aurora.Insurance.Data", "..\Aurora.Insurance\Aurora.Insurance.Data\Aurora.Insurance.Data.csproj", "{A45B7DC9-4A85-4037-B183-BEFFDC3F54A8}"
EndProject
Project("{9A19103F-16F7-4668-BE54-9A1E7A4F7556}") = "Aurora.SMS.Web", "Aurora.SMS.Web\Aurora.SMS.Web.csproj", "{539EDA0F-CEDA-4930-8DE2-E888DF029179}"
EndProject
Project("{2150E333-8FDC-42A3-9474-1A3956D46DE8}") = "WebApi", "WebApi", "{79C8EFAD-EC20-48A9-B0C0-EE7722AC5A67}"
EndProject
Project("{9A19103F-16F7-4668-BE54-9A1E7A4F7556}") = "Aurora.SMS.FakeProvider.WebApi", "Aurora.SMS.FakeProvider.WebApi\Aurora.SMS.FakeProvider.WebApi.csproj", "{34B15A2F-B2EE-44CB-9513-22E25A4C132D}"
EndProject
Project("{2150E333-8FDC-42A3-9474-1A3956D46DE8}") = "Solution Items", "Solution Items", "{BEE97785-78C7-42AB-9345-88F0D221AC46}"
	ProjectSection(SolutionItems) = preProject
		..\HowToIndex.md = ..\HowToIndex.md
		..\Readme.md = ..\Readme.md
	EndProjectSection
EndProject
Project("{9A19103F-16F7-4668-BE54-9A1E7A4F7556}") = "Aurora.SMS.WebApi", "Aurora.SMS.WebApi\Aurora.SMS.WebApi.csproj", "{EEE0D8AC-7CAD-4EE6-AA12-365C363EE845}"
EndProject
Project("{9A19103F-16F7-4668-BE54-9A1E7A4F7556}") = "Aurora.SMS.Modeling", "Aurora.SMS.Modeling\Aurora.SMS.Modeling.csproj", "{4337C1FB-3B8A-4444-A60A-6F94FC0063D2}"
EndProject
Project("{2150E333-8FDC-42A3-9474-1A3956D46DE8}") = "AWS", "AWS", "{51D51094-2FE2-4DA0-B9CE-83860B07CC97}"
EndProject
Project("{9A19103F-16F7-4668-BE54-9A1E7A4F7556}") = "Aurora.SMS.AWS", "Aurora.SMS.AWS\Aurora.SMS.AWS.csproj", "{7587D2D2-EDB0-4124-A756-C2B00A751CE5}"
EndProject
Project("{2150E333-8FDC-42A3-9474-1A3956D46DE8}") = "Worker", "Worker", "{43DC5D3C-1DD4-4445-BD71-8900FAEF6D07}"
EndProject
Project("{9A19103F-16F7-4668-BE54-9A1E7A4F7556}") = "Aurora.SMS.Worker", "Aurora.SMS.Worker\Aurora.SMS.Worker.csproj", "{FAB1ED24-4D4F-4A51-AAFA-E724FF622FF2}"
EndProject
Project("{9A19103F-16F7-4668-BE54-9A1E7A4F7556}") = "Aurora.SMS.AWS.Tests", "Aurora.SMS.AWS.Tests\Aurora.SMS.AWS.Tests.csproj", "{E3BB12BE-00E2-4828-8A20-ACE1B62C98A3}"
EndProject
Project("{9A19103F-16F7-4668-BE54-9A1E7A4F7556}") = "Aurora.SMS.Worker.Interfaces", "Aurora.SMS.Worker.Interfaces\Aurora.SMS.Worker.Interfaces.csproj", "{E6C1063D-19B5-44D3-820B-1575B6843C2E}"
EndProject
Project("{9A19103F-16F7-4668-BE54-9A1E7A4F7556}") = "Aurora.SMS.Worker.Consumer", "Aurora.SMS.Worker.Consumer\Aurora.SMS.Worker.Consumer.csproj", "{9357B792-F1AF-4141-8AB6-8FD9D52227B2}"
EndProject
Project("{9A19103F-16F7-4668-BE54-9A1E7A4F7556}") = "Aurora.SMS.Worker.Consumer.Tests", "Aurora.SMS.Worker.Consumer.Tests\Aurora.SMS.Worker.Consumer.Tests.csproj", "{FFD7BB10-9D42-4294-907E-9ADA81ADA87D}"
EndProject
Project("{9A19103F-16F7-4668-BE54-9A1E7A4F7556}") = "Aurora.SMS.WindowsService", "Aurora.SMS.WindowsService\Aurora.SMS.WindowsService.csproj", "{A2F2E215-7A9C-42D9-9D16-AE05A6B0290F}"
EndProject
Global
	GlobalSection(SolutionConfigurationPlatforms) = preSolution
		Debug|Any CPU = Debug|Any CPU
		Release|Any CPU = Release|Any CPU
	EndGlobalSection
	GlobalSection(ProjectConfigurationPlatforms) = postSolution
		{1D167CE2-70DC-4D13-AEE0-0E786DB96D82}.Debug|Any CPU.ActiveCfg = Debug|Any CPU
		{1D167CE2-70DC-4D13-AEE0-0E786DB96D82}.Debug|Any CPU.Build.0 = Debug|Any CPU
		{1D167CE2-70DC-4D13-AEE0-0E786DB96D82}.Release|Any CPU.ActiveCfg = Release|Any CPU
		{1D167CE2-70DC-4D13-AEE0-0E786DB96D82}.Release|Any CPU.Build.0 = Release|Any CPU
		{9CC1BB6E-5953-4655-835B-501660917909}.Debug|Any CPU.ActiveCfg = Debug|Any CPU
		{9CC1BB6E-5953-4655-835B-501660917909}.Debug|Any CPU.Build.0 = Debug|Any CPU
		{9CC1BB6E-5953-4655-835B-501660917909}.Release|Any CPU.ActiveCfg = Release|Any CPU
		{9CC1BB6E-5953-4655-835B-501660917909}.Release|Any CPU.Build.0 = Release|Any CPU
		{D9A3D3F8-3584-432E-9AA8-1B73F5464FF9}.Debug|Any CPU.ActiveCfg = Debug|Any CPU
		{D9A3D3F8-3584-432E-9AA8-1B73F5464FF9}.Debug|Any CPU.Build.0 = Debug|Any CPU
		{D9A3D3F8-3584-432E-9AA8-1B73F5464FF9}.Release|Any CPU.ActiveCfg = Release|Any CPU
		{D9A3D3F8-3584-432E-9AA8-1B73F5464FF9}.Release|Any CPU.Build.0 = Release|Any CPU
		{08100625-36BF-4B9D-AE51-26255C256C70}.Debug|Any CPU.ActiveCfg = Debug|Any CPU
		{08100625-36BF-4B9D-AE51-26255C256C70}.Debug|Any CPU.Build.0 = Debug|Any CPU
		{08100625-36BF-4B9D-AE51-26255C256C70}.Release|Any CPU.ActiveCfg = Release|Any CPU
		{08100625-36BF-4B9D-AE51-26255C256C70}.Release|Any CPU.Build.0 = Release|Any CPU
		{92DF12F7-6049-452A-B5D8-DF054397C79B}.Debug|Any CPU.ActiveCfg = Debug|Any CPU
		{92DF12F7-6049-452A-B5D8-DF054397C79B}.Debug|Any CPU.Build.0 = Debug|Any CPU
		{92DF12F7-6049-452A-B5D8-DF054397C79B}.Release|Any CPU.ActiveCfg = Release|Any CPU
		{92DF12F7-6049-452A-B5D8-DF054397C79B}.Release|Any CPU.Build.0 = Release|Any CPU
		{4292F568-73FE-4921-ADD3-99E9D54171C1}.Debug|Any CPU.ActiveCfg = Debug|Any CPU
		{4292F568-73FE-4921-ADD3-99E9D54171C1}.Debug|Any CPU.Build.0 = Debug|Any CPU
		{4292F568-73FE-4921-ADD3-99E9D54171C1}.Release|Any CPU.ActiveCfg = Release|Any CPU
		{4292F568-73FE-4921-ADD3-99E9D54171C1}.Release|Any CPU.Build.0 = Release|Any CPU
		{39F260D8-ACF5-49DB-AEAD-99E283E2BB21}.Debug|Any CPU.ActiveCfg = Debug|Any CPU
		{39F260D8-ACF5-49DB-AEAD-99E283E2BB21}.Debug|Any CPU.Build.0 = Debug|Any CPU
		{39F260D8-ACF5-49DB-AEAD-99E283E2BB21}.Release|Any CPU.ActiveCfg = Release|Any CPU
		{39F260D8-ACF5-49DB-AEAD-99E283E2BB21}.Release|Any CPU.Build.0 = Release|Any CPU
		{391CA0F5-52FA-4623-8F78-CE427C19C78D}.Debug|Any CPU.ActiveCfg = Debug|Any CPU
		{391CA0F5-52FA-4623-8F78-CE427C19C78D}.Debug|Any CPU.Build.0 = Debug|Any CPU
		{391CA0F5-52FA-4623-8F78-CE427C19C78D}.Release|Any CPU.ActiveCfg = Release|Any CPU
		{391CA0F5-52FA-4623-8F78-CE427C19C78D}.Release|Any CPU.Build.0 = Release|Any CPU
		{A45B7DC9-4A85-4037-B183-BEFFDC3F54A8}.Debug|Any CPU.ActiveCfg = Debug|Any CPU
		{A45B7DC9-4A85-4037-B183-BEFFDC3F54A8}.Debug|Any CPU.Build.0 = Debug|Any CPU
		{A45B7DC9-4A85-4037-B183-BEFFDC3F54A8}.Release|Any CPU.ActiveCfg = Release|Any CPU
		{A45B7DC9-4A85-4037-B183-BEFFDC3F54A8}.Release|Any CPU.Build.0 = Release|Any CPU
		{539EDA0F-CEDA-4930-8DE2-E888DF029179}.Debug|Any CPU.ActiveCfg = Debug|Any CPU
		{539EDA0F-CEDA-4930-8DE2-E888DF029179}.Debug|Any CPU.Build.0 = Debug|Any CPU
		{539EDA0F-CEDA-4930-8DE2-E888DF029179}.Release|Any CPU.ActiveCfg = Release|Any CPU
		{539EDA0F-CEDA-4930-8DE2-E888DF029179}.Release|Any CPU.Build.0 = Release|Any CPU
		{34B15A2F-B2EE-44CB-9513-22E25A4C132D}.Debug|Any CPU.ActiveCfg = Debug|Any CPU
		{34B15A2F-B2EE-44CB-9513-22E25A4C132D}.Debug|Any CPU.Build.0 = Debug|Any CPU
		{34B15A2F-B2EE-44CB-9513-22E25A4C132D}.Release|Any CPU.ActiveCfg = Release|Any CPU
		{34B15A2F-B2EE-44CB-9513-22E25A4C132D}.Release|Any CPU.Build.0 = Release|Any CPU
		{EEE0D8AC-7CAD-4EE6-AA12-365C363EE845}.Debug|Any CPU.ActiveCfg = Debug|Any CPU
		{EEE0D8AC-7CAD-4EE6-AA12-365C363EE845}.Debug|Any CPU.Build.0 = Debug|Any CPU
		{EEE0D8AC-7CAD-4EE6-AA12-365C363EE845}.Release|Any CPU.ActiveCfg = Release|Any CPU
		{EEE0D8AC-7CAD-4EE6-AA12-365C363EE845}.Release|Any CPU.Build.0 = Release|Any CPU
		{4337C1FB-3B8A-4444-A60A-6F94FC0063D2}.Debug|Any CPU.ActiveCfg = Debug|Any CPU
		{4337C1FB-3B8A-4444-A60A-6F94FC0063D2}.Debug|Any CPU.Build.0 = Debug|Any CPU
		{4337C1FB-3B8A-4444-A60A-6F94FC0063D2}.Release|Any CPU.ActiveCfg = Release|Any CPU
		{4337C1FB-3B8A-4444-A60A-6F94FC0063D2}.Release|Any CPU.Build.0 = Release|Any CPU
		{7587D2D2-EDB0-4124-A756-C2B00A751CE5}.Debug|Any CPU.ActiveCfg = Debug|Any CPU
		{7587D2D2-EDB0-4124-A756-C2B00A751CE5}.Debug|Any CPU.Build.0 = Debug|Any CPU
		{7587D2D2-EDB0-4124-A756-C2B00A751CE5}.Release|Any CPU.ActiveCfg = Release|Any CPU
		{7587D2D2-EDB0-4124-A756-C2B00A751CE5}.Release|Any CPU.Build.0 = Release|Any CPU
		{FAB1ED24-4D4F-4A51-AAFA-E724FF622FF2}.Debug|Any CPU.ActiveCfg = Debug|Any CPU
		{FAB1ED24-4D4F-4A51-AAFA-E724FF622FF2}.Debug|Any CPU.Build.0 = Debug|Any CPU
		{FAB1ED24-4D4F-4A51-AAFA-E724FF622FF2}.Release|Any CPU.ActiveCfg = Release|Any CPU
		{FAB1ED24-4D4F-4A51-AAFA-E724FF622FF2}.Release|Any CPU.Build.0 = Release|Any CPU
		{E3BB12BE-00E2-4828-8A20-ACE1B62C98A3}.Debug|Any CPU.ActiveCfg = Debug|Any CPU
		{E3BB12BE-00E2-4828-8A20-ACE1B62C98A3}.Debug|Any CPU.Build.0 = Debug|Any CPU
		{E3BB12BE-00E2-4828-8A20-ACE1B62C98A3}.Release|Any CPU.ActiveCfg = Release|Any CPU
		{E3BB12BE-00E2-4828-8A20-ACE1B62C98A3}.Release|Any CPU.Build.0 = Release|Any CPU
		{E6C1063D-19B5-44D3-820B-1575B6843C2E}.Debug|Any CPU.ActiveCfg = Debug|Any CPU
		{E6C1063D-19B5-44D3-820B-1575B6843C2E}.Debug|Any CPU.Build.0 = Debug|Any CPU
		{E6C1063D-19B5-44D3-820B-1575B6843C2E}.Release|Any CPU.ActiveCfg = Release|Any CPU
		{E6C1063D-19B5-44D3-820B-1575B6843C2E}.Release|Any CPU.Build.0 = Release|Any CPU
		{9357B792-F1AF-4141-8AB6-8FD9D52227B2}.Debug|Any CPU.ActiveCfg = Debug|Any CPU
		{9357B792-F1AF-4141-8AB6-8FD9D52227B2}.Debug|Any CPU.Build.0 = Debug|Any CPU
		{9357B792-F1AF-4141-8AB6-8FD9D52227B2}.Release|Any CPU.ActiveCfg = Release|Any CPU
		{9357B792-F1AF-4141-8AB6-8FD9D52227B2}.Release|Any CPU.Build.0 = Release|Any CPU
		{FFD7BB10-9D42-4294-907E-9ADA81ADA87D}.Debug|Any CPU.ActiveCfg = Debug|Any CPU
		{FFD7BB10-9D42-4294-907E-9ADA81ADA87D}.Debug|Any CPU.Build.0 = Debug|Any CPU
		{FFD7BB10-9D42-4294-907E-9ADA81ADA87D}.Release|Any CPU.ActiveCfg = Release|Any CPU
		{FFD7BB10-9D42-4294-907E-9ADA81ADA87D}.Release|Any CPU.Build.0 = Release|Any CPU
		{A2F2E215-7A9C-42D9-9D16-AE05A6B0290F}.Debug|Any CPU.ActiveCfg = Debug|Any CPU
		{A2F2E215-7A9C-42D9-9D16-AE05A6B0290F}.Debug|Any CPU.Build.0 = Debug|Any CPU
		{A2F2E215-7A9C-42D9-9D16-AE05A6B0290F}.Release|Any CPU.ActiveCfg = Release|Any CPU
		{A2F2E215-7A9C-42D9-9D16-AE05A6B0290F}.Release|Any CPU.Build.0 = Release|Any CPU
	EndGlobalSection
	GlobalSection(SolutionProperties) = preSolution
		HideSolutionNode = FALSE
	EndGlobalSection
	GlobalSection(NestedProjects) = preSolution
		{4292F568-73FE-4921-ADD3-99E9D54171C1} = {43DC5D3C-1DD4-4445-BD71-8900FAEF6D07}
		{34B15A2F-B2EE-44CB-9513-22E25A4C132D} = {79C8EFAD-EC20-48A9-B0C0-EE7722AC5A67}
		{EEE0D8AC-7CAD-4EE6-AA12-365C363EE845} = {79C8EFAD-EC20-48A9-B0C0-EE7722AC5A67}
		{7587D2D2-EDB0-4124-A756-C2B00A751CE5} = {51D51094-2FE2-4DA0-B9CE-83860B07CC97}
		{FAB1ED24-4D4F-4A51-AAFA-E724FF622FF2} = {43DC5D3C-1DD4-4445-BD71-8900FAEF6D07}
		{E3BB12BE-00E2-4828-8A20-ACE1B62C98A3} = {51D51094-2FE2-4DA0-B9CE-83860B07CC97}
		{E6C1063D-19B5-44D3-820B-1575B6843C2E} = {43DC5D3C-1DD4-4445-BD71-8900FAEF6D07}
		{9357B792-F1AF-4141-8AB6-8FD9D52227B2} = {43DC5D3C-1DD4-4445-BD71-8900FAEF6D07}
		{FFD7BB10-9D42-4294-907E-9ADA81ADA87D} = {43DC5D3C-1DD4-4445-BD71-8900FAEF6D07}
		{A2F2E215-7A9C-42D9-9D16-AE05A6B0290F} = {43DC5D3C-1DD4-4445-BD71-8900FAEF6D07}
	EndGlobalSection
	GlobalSection(ExtensibilityGlobals) = postSolution
		SolutionGuid = {C365CE61-2D7D-4E1F-894C-D0D427DDA6EA}
	EndGlobalSection
EndGlobal
