
Microsoft Visual Studio Solution File, Format Version 12.00
# Visual Studio 15
VisualStudioVersion = 15.0.26730.8
MinimumVisualStudioVersion = 10.0.40219.1
Project("{9A19103F-16F7-4668-BE54-9A1E7A4F7556}") = "Aurora.Core.Data", "..\Aurora.Core\Aurora.Core.Data\Aurora.Core.Data.csproj", "{1D167CE2-70DC-4D13-AEE0-0E786DB96D82}"
EndProject
Project("{9A19103F-16F7-4668-BE54-9A1E7A4F7556}") = "Aurora.SMS.Data", "Aurora.SMS.Data\Aurora.SMS.Data.csproj", "{9CC1BB6E-5953-4655-835B-501660917909}"
EndProject
Project("{9A19103F-16F7-4668-BE54-9A1E7A4F7556}") = "Aurora.SMS.EFModel", "Aurora.SMS.EFModel\Aurora.SMS.EFModel.csproj", "{D9A3D3F8-3584-432E-9AA8-1B73F5464FF9}"
EndProject
Project("{9A19103F-16F7-4668-BE54-9A1E7A4F7556}") = "Aurora.SMS.Service", "Aurora.SMS.Service\Aurora.SMS.Service.csproj", "{08100625-36BF-4B9D-AE51-26255C256C70}"
EndProject
Project("{9A19103F-16F7-4668-BE54-9A1E7A4F7556}") = "Aurora.Core.Data.Tests", "..\Aurora.Core\Aurora.Core.Data.Tests\Aurora.Core.Data.Tests.csproj", "{92DF12F7-6049-452A-B5D8-DF054397C79B}"
EndProject
Global
	GlobalSection(SolutionConfigurationPlatforms) = preSolution
		Debug|Any CPU = Debug|Any CPU
		Release|Any CPU = Release|Any CPU
	EndGlobalSection
	GlobalSection(ProjectConfigurationPlatforms) = postSolution
		{1D167CE2-70DC-4D13-AEE0-0E786DB96D82}.Debug|Any CPU.ActiveCfg = Debug|Any CPU
		{1D167CE2-70DC-4D13-AEE0-0E786DB96D82}.Debug|Any CPU.Build.0 = Debug|Any CPU
		{1D167CE2-70DC-4D13-AEE0-0E786DB96D82}.Release|Any CPU.ActiveCfg = Release|Any CPU
		{1D167CE2-70DC-4D13-AEE0-0E786DB96D82}.Release|Any CPU.Build.0 = Release|Any CPU
		{9CC1BB6E-5953-4655-835B-501660917909}.Debug|Any CPU.ActiveCfg = Debug|Any CPU
		{9CC1BB6E-5953-4655-835B-501660917909}.Debug|Any CPU.Build.0 = Debug|Any CPU
		{9CC1BB6E-5953-4655-835B-501660917909}.Release|Any CPU.ActiveCfg = Release|Any CPU
		{9CC1BB6E-5953-4655-835B-501660917909}.Release|Any CPU.Build.0 = Release|Any CPU
		{D9A3D3F8-3584-432E-9AA8-1B73F5464FF9}.Debug|Any CPU.ActiveCfg = Debug|Any CPU
		{D9A3D3F8-3584-432E-9AA8-1B73F5464FF9}.Debug|Any CPU.Build.0 = Debug|Any CPU
		{D9A3D3F8-3584-432E-9AA8-1B73F5464FF9}.Release|Any CPU.ActiveCfg = Release|Any CPU
		{D9A3D3F8-3584-432E-9AA8-1B73F5464FF9}.Release|Any CPU.Build.0 = Release|Any CPU
		{08100625-36BF-4B9D-AE51-26255C256C70}.Debug|Any CPU.ActiveCfg = Debug|Any CPU
		{08100625-36BF-4B9D-AE51-26255C256C70}.Debug|Any CPU.Build.0 = Debug|Any CPU
		{08100625-36BF-4B9D-AE51-26255C256C70}.Release|Any CPU.ActiveCfg = Release|Any CPU
		{08100625-36BF-4B9D-AE51-26255C256C70}.Release|Any CPU.Build.0 = Release|Any CPU
		{92DF12F7-6049-452A-B5D8-DF054397C79B}.Debug|Any CPU.ActiveCfg = Debug|Any CPU
		{92DF12F7-6049-452A-B5D8-DF054397C79B}.Debug|Any CPU.Build.0 = Debug|Any CPU
		{92DF12F7-6049-452A-B5D8-DF054397C79B}.Release|Any CPU.ActiveCfg = Release|Any CPU
		{92DF12F7-6049-452A-B5D8-DF054397C79B}.Release|Any CPU.Build.0 = Release|Any CPU
	EndGlobalSection
	GlobalSection(SolutionProperties) = preSolution
		HideSolutionNode = FALSE
	EndGlobalSection
	GlobalSection(ExtensibilityGlobals) = postSolution
		SolutionGuid = {C365CE61-2D7D-4E1F-894C-D0D427DDA6EA}
	EndGlobalSection
EndGlobal
