
Microsoft Visual Studio Solution File, Format Version 12.00
# Visual Studio Version 16
VisualStudioVersion = 16.0.30011.22
MinimumVisualStudioVersion = 10.0.40219.1
Project("{9A19103F-16F7-4668-BE54-9A1E7A4F7556}") = "Aurora.SMS.Blazor", "Aurora.SMS.Blazor\Aurora.SMS.Blazor.csproj", "{7C7D95F3-F01E-4C4F-9B1F-93C3407FDE00}"
EndProject
Project("{2150E333-8FDC-42A3-9474-1A3956D46DE8}") = "Aurora.Core", "Aurora.Core", "{B1C835B8-EB42-41C4-BC35-3478E170FA19}"
EndProject
Project("{9A19103F-16F7-4668-BE54-9A1E7A4F7556}") = "Aurora.Core.Data", "Aurora.Core\Aurora.Core.Data\Aurora.Core.Data.csproj", "{4733A10C-CB53-4775-A221-EBC6A35FF9A9}"
EndProject
Project("{2150E333-8FDC-42A3-9474-1A3956D46DE8}") = "Server", "Server", "{4B57A2E3-7C2E-4193-AADC-17AB0054B293}"
EndProject
Project("{9A19103F-16F7-4668-BE54-9A1E7A4F7556}") = "Aurora.SMS.Data", "Aurora.SMS\Aurora.SMS.Data\Aurora.SMS.Data.csproj", "{B807EB9E-1880-4B39-BAAE-37F169DD95AF}"
EndProject
Project("{9A19103F-16F7-4668-BE54-9A1E7A4F7556}") = "Aurora.SMS.EFModel", "Aurora.SMS\Aurora.SMS.EFModel\Aurora.SMS.EFModel.csproj", "{2C2AE7A3-E392-4D96-A4BF-8023B905D981}"
EndProject
Project("{9A19103F-16F7-4668-BE54-9A1E7A4F7556}") = "Aurora.SMS.Modeling", "Aurora.SMS\Aurora.SMS.Modeling\Aurora.SMS.Modeling.csproj", "{BDEE4602-24CA-4B7C-A9A8-CEA2FEF401C6}"
EndProject
Project("{9A19103F-16F7-4668-BE54-9A1E7A4F7556}") = "Aurora.SMS.Providers", "Aurora.SMS\Aurora.SMS.Providers\Aurora.SMS.Providers.csproj", "{7CDA18AF-55E0-49C2-9C3B-5418E9463697}"
EndProject
Project("{9A19103F-16F7-4668-BE54-9A1E7A4F7556}") = "Aurora.SMS.Service", "Aurora.SMS\Aurora.SMS.Service\Aurora.SMS.Service.csproj", "{8A2C3C4A-02AD-4FE5-A569-6BAED379C7C1}"
EndProject
Project("{9A19103F-16F7-4668-BE54-9A1E7A4F7556}") = "Aurora.SMS.WebApi", "Aurora.SMS\Aurora.SMS.WebApi\Aurora.SMS.WebApi.csproj", "{B4504A61-10ED-4228-93F4-F32A35EF8247}"
EndProject
Project("{2150E333-8FDC-42A3-9474-1A3956D46DE8}") = "ExternalAPIs", "ExternalAPIs", "{0445599A-1556-4B4D-BB42-8FB0ACCC97D2}"
EndProject
Project("{9A19103F-16F7-4668-BE54-9A1E7A4F7556}") = "Aurora.SMS.FakeProvider.WebApi", "Aurora.SMS\Aurora.SMS.FakeProvider.WebApi\Aurora.SMS.FakeProvider.WebApi.csproj", "{39E0C5DA-5D63-4280-AE50-EA0CCE0C1C4F}"
EndProject
Project("{9A19103F-16F7-4668-BE54-9A1E7A4F7556}") = "Aurora.Insurance.Services", "Aurora.Insurance\Aurora.Insurance.Services\Aurora.Insurance.Services.csproj", "{5E81AF02-5587-4734-B0F5-AFD3DABBA957}"
EndProject
Project("{9A19103F-16F7-4668-BE54-9A1E7A4F7556}") = "Aurora.Insurance.EFModel", "Aurora.Insurance\Aurora.Insurance.EFModel\Aurora.Insurance.EFModel.csproj", "{BC713F7F-F5E4-477E-9CEC-677A019D1BD0}"
EndProject
Project("{9A19103F-16F7-4668-BE54-9A1E7A4F7556}") = "Aurora.Insurance.Data", "Aurora.Insurance\Aurora.Insurance.Data\Aurora.Insurance.Data.csproj", "{31A94BC5-8F23-45FD-8E9D-33F1D144E4D8}"
EndProject
Project("{9A19103F-16F7-4668-BE54-9A1E7A4F7556}") = "Aurora.Insurance.WebAPI", "Aurora.Insurance.WebAPI\Aurora.Insurance.WebAPI.csproj", "{AE8304CF-49FB-402F-A3BC-E7570AE82E37}"
EndProject
Project("{9A19103F-16F7-4668-BE54-9A1E7A4F7556}") = "Aurora.Insurance.Blazor", "Aurora.Insurance.Blazor\Aurora.Insurance.Blazor.csproj", "{3AD54625-7281-44FB-89A7-1B1031950DCB}"
EndProject
Project("{9A19103F-16F7-4668-BE54-9A1E7A4F7556}") = "Aurora.SMS.Web", "Aurora.SMS\Aurora.SMS.Web\Aurora.SMS.Web.csproj", "{CCCD0AF0-DAA9-48B3-83AD-27D0E18D88A2}"
EndProject
Project("{2150E333-8FDC-42A3-9474-1A3956D46DE8}") = "Insurance", "Insurance", "{D04F9F75-9A72-42B6-9ECC-DF18D7362F7A}"
EndProject
Project("{2150E333-8FDC-42A3-9474-1A3956D46DE8}") = "SMS", "SMS", "{18A01AA2-1FF6-4588-881A-FF60BAF2C22B}"
EndProject
Project("{9A19103F-16F7-4668-BE54-9A1E7A4F7556}") = "Aurora.Insurance.Validation", "Aurora.Insurance.Validation\Aurora.Insurance.Validation.csproj", "{C2B71603-B9B3-4017-87FA-F20076B94EB2}"
EndProject
Project("{9A19103F-16F7-4668-BE54-9A1E7A4F7556}") = "Aurora.Core.Aws.S3", "Aurora.Core.Aws.S3\Aurora.Core.Aws.S3.csproj", "{BC85ED14-6F57-4C3A-AFC9-CA3A126A0EBC}"
EndProject
Project("{9A19103F-16F7-4668-BE54-9A1E7A4F7556}") = "Aurora.Core.Aws.S3.Tests", "Aurora.Core.Aws.S3.Tests\Aurora.Core.Aws.S3.Tests.csproj", "{8A13DBD4-3BB0-4524-889E-2E4A7098066C}"
EndProject
Project("{2150E333-8FDC-42A3-9474-1A3956D46DE8}") = "Identity", "Identity", "{03FA25F4-4281-4219-94BE-C87CF60F06DF}"
EndProject
Project("{9A19103F-16F7-4668-BE54-9A1E7A4F7556}") = "Aurora.Insurance.Identity", "Identity\Aurora.Insurance.Identity\Aurora.Insurance.Identity.csproj", "{7CE2117A-72AA-4DC3-8E9A-0BC9CC54CB9D}"
EndProject
Project("{FAE04EC0-301F-11D3-BF4B-00C04F79EFBC}") = "Aurora.Insurance.Identity.Api", "Identity\Aurora.Insurance.Identity.Api\Aurora.Insurance.Identity.Api.csproj", "{E787186A-535E-4982-B98B-B04B71D9B754}"
EndProject
Project("{2150E333-8FDC-42A3-9474-1A3956D46DE8}") = "Company", "Company", "{112756AE-4C6E-4B14-9FA2-134F039A9FB9}"
EndProject
Project("{FAE04EC0-301F-11D3-BF4B-00C04F79EFBC}") = "Aurora.Insurance.Company.Domain", "Server\Company\Aurora.Insurance.Company.Domain\Aurora.Insurance.Company.Domain.csproj", "{A17001E1-2BEC-49B5-9DD4-D43CE9CCDBBC}"
EndProject
Project("{FAE04EC0-301F-11D3-BF4B-00C04F79EFBC}") = "Aurora.Insurance.Company.Infrastructure", "Server\Company\Aurora.Insurance.Company.Infrastructure\Aurora.Insurance.Company.Infrastructure.csproj", "{B2FC4D27-A2CC-45CE-B92A-E88000E5FFDC}"
EndProject
Project("{FAE04EC0-301F-11D3-BF4B-00C04F79EFBC}") = "Aurora.Insurance.Company.Api", "Server\Company\Aurora.Insurance.Company.Api\Aurora.Insurance.Company.Api.csproj", "{4436C40A-B800-4AFC-A8D6-CD53B9ED4C93}"
EndProject
Project("{FAE04EC0-301F-11D3-BF4B-00C04F79EFBC}") = "Aurora.Insurance.Company.Services", "Server\Company\Aurora.Insurance.Company.Services\Aurora.Insurance.Company.Services.csproj", "{38648B24-859D-4AA0-82B6-857F78EAD35F}"
EndProject
Global
	GlobalSection(SolutionConfigurationPlatforms) = preSolution
		Debug|Any CPU = Debug|Any CPU
		Release|Any CPU = Release|Any CPU
	EndGlobalSection
	GlobalSection(ProjectConfigurationPlatforms) = postSolution
		{7C7D95F3-F01E-4C4F-9B1F-93C3407FDE00}.Debug|Any CPU.ActiveCfg = Debug|Any CPU
		{7C7D95F3-F01E-4C4F-9B1F-93C3407FDE00}.Debug|Any CPU.Build.0 = Debug|Any CPU
		{7C7D95F3-F01E-4C4F-9B1F-93C3407FDE00}.Release|Any CPU.ActiveCfg = Release|Any CPU
		{7C7D95F3-F01E-4C4F-9B1F-93C3407FDE00}.Release|Any CPU.Build.0 = Release|Any CPU
		{4733A10C-CB53-4775-A221-EBC6A35FF9A9}.Debug|Any CPU.ActiveCfg = Debug|Any CPU
		{4733A10C-CB53-4775-A221-EBC6A35FF9A9}.Debug|Any CPU.Build.0 = Debug|Any CPU
		{4733A10C-CB53-4775-A221-EBC6A35FF9A9}.Release|Any CPU.ActiveCfg = Release|Any CPU
		{4733A10C-CB53-4775-A221-EBC6A35FF9A9}.Release|Any CPU.Build.0 = Release|Any CPU
		{B807EB9E-1880-4B39-BAAE-37F169DD95AF}.Debug|Any CPU.ActiveCfg = Debug|Any CPU
		{B807EB9E-1880-4B39-BAAE-37F169DD95AF}.Debug|Any CPU.Build.0 = Debug|Any CPU
		{B807EB9E-1880-4B39-BAAE-37F169DD95AF}.Release|Any CPU.ActiveCfg = Release|Any CPU
		{B807EB9E-1880-4B39-BAAE-37F169DD95AF}.Release|Any CPU.Build.0 = Release|Any CPU
		{2C2AE7A3-E392-4D96-A4BF-8023B905D981}.Debug|Any CPU.ActiveCfg = Debug|Any CPU
		{2C2AE7A3-E392-4D96-A4BF-8023B905D981}.Debug|Any CPU.Build.0 = Debug|Any CPU
		{2C2AE7A3-E392-4D96-A4BF-8023B905D981}.Release|Any CPU.ActiveCfg = Release|Any CPU
		{2C2AE7A3-E392-4D96-A4BF-8023B905D981}.Release|Any CPU.Build.0 = Release|Any CPU
		{BDEE4602-24CA-4B7C-A9A8-CEA2FEF401C6}.Debug|Any CPU.ActiveCfg = Debug|Any CPU
		{BDEE4602-24CA-4B7C-A9A8-CEA2FEF401C6}.Debug|Any CPU.Build.0 = Debug|Any CPU
		{BDEE4602-24CA-4B7C-A9A8-CEA2FEF401C6}.Release|Any CPU.ActiveCfg = Release|Any CPU
		{BDEE4602-24CA-4B7C-A9A8-CEA2FEF401C6}.Release|Any CPU.Build.0 = Release|Any CPU
		{7CDA18AF-55E0-49C2-9C3B-5418E9463697}.Debug|Any CPU.ActiveCfg = Debug|Any CPU
		{7CDA18AF-55E0-49C2-9C3B-5418E9463697}.Debug|Any CPU.Build.0 = Debug|Any CPU
		{7CDA18AF-55E0-49C2-9C3B-5418E9463697}.Release|Any CPU.ActiveCfg = Release|Any CPU
		{7CDA18AF-55E0-49C2-9C3B-5418E9463697}.Release|Any CPU.Build.0 = Release|Any CPU
		{8A2C3C4A-02AD-4FE5-A569-6BAED379C7C1}.Debug|Any CPU.ActiveCfg = Debug|Any CPU
		{8A2C3C4A-02AD-4FE5-A569-6BAED379C7C1}.Debug|Any CPU.Build.0 = Debug|Any CPU
		{8A2C3C4A-02AD-4FE5-A569-6BAED379C7C1}.Release|Any CPU.ActiveCfg = Release|Any CPU
		{8A2C3C4A-02AD-4FE5-A569-6BAED379C7C1}.Release|Any CPU.Build.0 = Release|Any CPU
		{B4504A61-10ED-4228-93F4-F32A35EF8247}.Debug|Any CPU.ActiveCfg = Debug|Any CPU
		{B4504A61-10ED-4228-93F4-F32A35EF8247}.Debug|Any CPU.Build.0 = Debug|Any CPU
		{B4504A61-10ED-4228-93F4-F32A35EF8247}.Release|Any CPU.ActiveCfg = Release|Any CPU
		{B4504A61-10ED-4228-93F4-F32A35EF8247}.Release|Any CPU.Build.0 = Release|Any CPU
		{39E0C5DA-5D63-4280-AE50-EA0CCE0C1C4F}.Debug|Any CPU.ActiveCfg = Debug|Any CPU
		{39E0C5DA-5D63-4280-AE50-EA0CCE0C1C4F}.Debug|Any CPU.Build.0 = Debug|Any CPU
		{39E0C5DA-5D63-4280-AE50-EA0CCE0C1C4F}.Release|Any CPU.ActiveCfg = Release|Any CPU
		{39E0C5DA-5D63-4280-AE50-EA0CCE0C1C4F}.Release|Any CPU.Build.0 = Release|Any CPU
		{5E81AF02-5587-4734-B0F5-AFD3DABBA957}.Debug|Any CPU.ActiveCfg = Debug|Any CPU
		{5E81AF02-5587-4734-B0F5-AFD3DABBA957}.Debug|Any CPU.Build.0 = Debug|Any CPU
		{5E81AF02-5587-4734-B0F5-AFD3DABBA957}.Release|Any CPU.ActiveCfg = Release|Any CPU
		{5E81AF02-5587-4734-B0F5-AFD3DABBA957}.Release|Any CPU.Build.0 = Release|Any CPU
		{BC713F7F-F5E4-477E-9CEC-677A019D1BD0}.Debug|Any CPU.ActiveCfg = Debug|Any CPU
		{BC713F7F-F5E4-477E-9CEC-677A019D1BD0}.Debug|Any CPU.Build.0 = Debug|Any CPU
		{BC713F7F-F5E4-477E-9CEC-677A019D1BD0}.Release|Any CPU.ActiveCfg = Release|Any CPU
		{BC713F7F-F5E4-477E-9CEC-677A019D1BD0}.Release|Any CPU.Build.0 = Release|Any CPU
		{31A94BC5-8F23-45FD-8E9D-33F1D144E4D8}.Debug|Any CPU.ActiveCfg = Debug|Any CPU
		{31A94BC5-8F23-45FD-8E9D-33F1D144E4D8}.Debug|Any CPU.Build.0 = Debug|Any CPU
		{31A94BC5-8F23-45FD-8E9D-33F1D144E4D8}.Release|Any CPU.ActiveCfg = Release|Any CPU
		{31A94BC5-8F23-45FD-8E9D-33F1D144E4D8}.Release|Any CPU.Build.0 = Release|Any CPU
		{AE8304CF-49FB-402F-A3BC-E7570AE82E37}.Debug|Any CPU.ActiveCfg = Debug|Any CPU
		{AE8304CF-49FB-402F-A3BC-E7570AE82E37}.Debug|Any CPU.Build.0 = Debug|Any CPU
		{AE8304CF-49FB-402F-A3BC-E7570AE82E37}.Release|Any CPU.ActiveCfg = Release|Any CPU
		{AE8304CF-49FB-402F-A3BC-E7570AE82E37}.Release|Any CPU.Build.0 = Release|Any CPU
		{3AD54625-7281-44FB-89A7-1B1031950DCB}.Debug|Any CPU.ActiveCfg = Debug|Any CPU
		{3AD54625-7281-44FB-89A7-1B1031950DCB}.Debug|Any CPU.Build.0 = Debug|Any CPU
		{3AD54625-7281-44FB-89A7-1B1031950DCB}.Release|Any CPU.ActiveCfg = Release|Any CPU
		{3AD54625-7281-44FB-89A7-1B1031950DCB}.Release|Any CPU.Build.0 = Release|Any CPU
		{CCCD0AF0-DAA9-48B3-83AD-27D0E18D88A2}.Debug|Any CPU.ActiveCfg = Debug|Any CPU
		{CCCD0AF0-DAA9-48B3-83AD-27D0E18D88A2}.Debug|Any CPU.Build.0 = Debug|Any CPU
		{CCCD0AF0-DAA9-48B3-83AD-27D0E18D88A2}.Release|Any CPU.ActiveCfg = Release|Any CPU
		{CCCD0AF0-DAA9-48B3-83AD-27D0E18D88A2}.Release|Any CPU.Build.0 = Release|Any CPU
		{C2B71603-B9B3-4017-87FA-F20076B94EB2}.Debug|Any CPU.ActiveCfg = Debug|Any CPU
		{C2B71603-B9B3-4017-87FA-F20076B94EB2}.Debug|Any CPU.Build.0 = Debug|Any CPU
		{C2B71603-B9B3-4017-87FA-F20076B94EB2}.Release|Any CPU.ActiveCfg = Release|Any CPU
		{C2B71603-B9B3-4017-87FA-F20076B94EB2}.Release|Any CPU.Build.0 = Release|Any CPU
		{BC85ED14-6F57-4C3A-AFC9-CA3A126A0EBC}.Debug|Any CPU.ActiveCfg = Debug|Any CPU
		{BC85ED14-6F57-4C3A-AFC9-CA3A126A0EBC}.Debug|Any CPU.Build.0 = Debug|Any CPU
		{BC85ED14-6F57-4C3A-AFC9-CA3A126A0EBC}.Release|Any CPU.ActiveCfg = Release|Any CPU
		{BC85ED14-6F57-4C3A-AFC9-CA3A126A0EBC}.Release|Any CPU.Build.0 = Release|Any CPU
		{8A13DBD4-3BB0-4524-889E-2E4A7098066C}.Debug|Any CPU.ActiveCfg = Debug|Any CPU
		{8A13DBD4-3BB0-4524-889E-2E4A7098066C}.Debug|Any CPU.Build.0 = Debug|Any CPU
		{8A13DBD4-3BB0-4524-889E-2E4A7098066C}.Release|Any CPU.ActiveCfg = Release|Any CPU
		{8A13DBD4-3BB0-4524-889E-2E4A7098066C}.Release|Any CPU.Build.0 = Release|Any CPU
		{7CE2117A-72AA-4DC3-8E9A-0BC9CC54CB9D}.Debug|Any CPU.ActiveCfg = Debug|Any CPU
		{7CE2117A-72AA-4DC3-8E9A-0BC9CC54CB9D}.Debug|Any CPU.Build.0 = Debug|Any CPU
		{7CE2117A-72AA-4DC3-8E9A-0BC9CC54CB9D}.Release|Any CPU.ActiveCfg = Release|Any CPU
		{7CE2117A-72AA-4DC3-8E9A-0BC9CC54CB9D}.Release|Any CPU.Build.0 = Release|Any CPU
		{E787186A-535E-4982-B98B-B04B71D9B754}.Debug|Any CPU.ActiveCfg = Debug|Any CPU
		{E787186A-535E-4982-B98B-B04B71D9B754}.Debug|Any CPU.Build.0 = Debug|Any CPU
		{E787186A-535E-4982-B98B-B04B71D9B754}.Release|Any CPU.ActiveCfg = Release|Any CPU
		{E787186A-535E-4982-B98B-B04B71D9B754}.Release|Any CPU.Build.0 = Release|Any CPU
		{A17001E1-2BEC-49B5-9DD4-D43CE9CCDBBC}.Debug|Any CPU.ActiveCfg = Debug|Any CPU
		{A17001E1-2BEC-49B5-9DD4-D43CE9CCDBBC}.Debug|Any CPU.Build.0 = Debug|Any CPU
		{A17001E1-2BEC-49B5-9DD4-D43CE9CCDBBC}.Release|Any CPU.ActiveCfg = Release|Any CPU
		{A17001E1-2BEC-49B5-9DD4-D43CE9CCDBBC}.Release|Any CPU.Build.0 = Release|Any CPU
		{B2FC4D27-A2CC-45CE-B92A-E88000E5FFDC}.Debug|Any CPU.ActiveCfg = Debug|Any CPU
		{B2FC4D27-A2CC-45CE-B92A-E88000E5FFDC}.Debug|Any CPU.Build.0 = Debug|Any CPU
		{B2FC4D27-A2CC-45CE-B92A-E88000E5FFDC}.Release|Any CPU.ActiveCfg = Release|Any CPU
		{B2FC4D27-A2CC-45CE-B92A-E88000E5FFDC}.Release|Any CPU.Build.0 = Release|Any CPU
		{4436C40A-B800-4AFC-A8D6-CD53B9ED4C93}.Debug|Any CPU.ActiveCfg = Debug|Any CPU
		{4436C40A-B800-4AFC-A8D6-CD53B9ED4C93}.Debug|Any CPU.Build.0 = Debug|Any CPU
		{4436C40A-B800-4AFC-A8D6-CD53B9ED4C93}.Release|Any CPU.ActiveCfg = Release|Any CPU
		{4436C40A-B800-4AFC-A8D6-CD53B9ED4C93}.Release|Any CPU.Build.0 = Release|Any CPU
		{38648B24-859D-4AA0-82B6-857F78EAD35F}.Debug|Any CPU.ActiveCfg = Debug|Any CPU
		{38648B24-859D-4AA0-82B6-857F78EAD35F}.Debug|Any CPU.Build.0 = Debug|Any CPU
		{38648B24-859D-4AA0-82B6-857F78EAD35F}.Release|Any CPU.ActiveCfg = Release|Any CPU
		{38648B24-859D-4AA0-82B6-857F78EAD35F}.Release|Any CPU.Build.0 = Release|Any CPU
	EndGlobalSection
	GlobalSection(SolutionProperties) = preSolution
		HideSolutionNode = FALSE
	EndGlobalSection
	GlobalSection(NestedProjects) = preSolution
		{4733A10C-CB53-4775-A221-EBC6A35FF9A9} = {B1C835B8-EB42-41C4-BC35-3478E170FA19}
		{B807EB9E-1880-4B39-BAAE-37F169DD95AF} = {18A01AA2-1FF6-4588-881A-FF60BAF2C22B}
		{2C2AE7A3-E392-4D96-A4BF-8023B905D981} = {18A01AA2-1FF6-4588-881A-FF60BAF2C22B}
		{BDEE4602-24CA-4B7C-A9A8-CEA2FEF401C6} = {18A01AA2-1FF6-4588-881A-FF60BAF2C22B}
		{7CDA18AF-55E0-49C2-9C3B-5418E9463697} = {18A01AA2-1FF6-4588-881A-FF60BAF2C22B}
		{8A2C3C4A-02AD-4FE5-A569-6BAED379C7C1} = {18A01AA2-1FF6-4588-881A-FF60BAF2C22B}
		{B4504A61-10ED-4228-93F4-F32A35EF8247} = {18A01AA2-1FF6-4588-881A-FF60BAF2C22B}
		{39E0C5DA-5D63-4280-AE50-EA0CCE0C1C4F} = {0445599A-1556-4B4D-BB42-8FB0ACCC97D2}
		{5E81AF02-5587-4734-B0F5-AFD3DABBA957} = {D04F9F75-9A72-42B6-9ECC-DF18D7362F7A}
		{BC713F7F-F5E4-477E-9CEC-677A019D1BD0} = {D04F9F75-9A72-42B6-9ECC-DF18D7362F7A}
		{31A94BC5-8F23-45FD-8E9D-33F1D144E4D8} = {D04F9F75-9A72-42B6-9ECC-DF18D7362F7A}
		{AE8304CF-49FB-402F-A3BC-E7570AE82E37} = {D04F9F75-9A72-42B6-9ECC-DF18D7362F7A}
		{D04F9F75-9A72-42B6-9ECC-DF18D7362F7A} = {4B57A2E3-7C2E-4193-AADC-17AB0054B293}
		{18A01AA2-1FF6-4588-881A-FF60BAF2C22B} = {4B57A2E3-7C2E-4193-AADC-17AB0054B293}
		{C2B71603-B9B3-4017-87FA-F20076B94EB2} = {D04F9F75-9A72-42B6-9ECC-DF18D7362F7A}
		{BC85ED14-6F57-4C3A-AFC9-CA3A126A0EBC} = {B1C835B8-EB42-41C4-BC35-3478E170FA19}
		{8A13DBD4-3BB0-4524-889E-2E4A7098066C} = {B1C835B8-EB42-41C4-BC35-3478E170FA19}
		{03FA25F4-4281-4219-94BE-C87CF60F06DF} = {4B57A2E3-7C2E-4193-AADC-17AB0054B293}
		{7CE2117A-72AA-4DC3-8E9A-0BC9CC54CB9D} = {03FA25F4-4281-4219-94BE-C87CF60F06DF}
		{E787186A-535E-4982-B98B-B04B71D9B754} = {03FA25F4-4281-4219-94BE-C87CF60F06DF}
		{112756AE-4C6E-4B14-9FA2-134F039A9FB9} = {4B57A2E3-7C2E-4193-AADC-17AB0054B293}
		{A17001E1-2BEC-49B5-9DD4-D43CE9CCDBBC} = {112756AE-4C6E-4B14-9FA2-134F039A9FB9}
		{B2FC4D27-A2CC-45CE-B92A-E88000E5FFDC} = {112756AE-4C6E-4B14-9FA2-134F039A9FB9}
		{4436C40A-B800-4AFC-A8D6-CD53B9ED4C93} = {112756AE-4C6E-4B14-9FA2-134F039A9FB9}
		{38648B24-859D-4AA0-82B6-857F78EAD35F} = {112756AE-4C6E-4B14-9FA2-134F039A9FB9}
	EndGlobalSection
	GlobalSection(ExtensibilityGlobals) = postSolution
		SolutionGuid = {0CDB330D-D918-4832-8709-8AA73E75B88F}
	EndGlobalSection
EndGlobal
