
Microsoft Visual Studio Solution File, Format Version 12.00
# Visual Studio Version 16
VisualStudioVersion = 16.0.30011.22
MinimumVisualStudioVersion = 10.0.40219.1
Project("{9A19103F-16F7-4668-BE54-9A1E7A4F7556}") = "Aurora.SMS.Blazor", "Aurora.SMS.Blazor\Aurora.SMS.Blazor.csproj", "{7C7D95F3-F01E-4C4F-9B1F-93C3407FDE00}"
EndProject
Project("{9A19103F-16F7-4668-BE54-9A1E7A4F7556}") = "RazorClassLibrary1", "RazorClassLibrary1\RazorClassLibrary1.csproj", "{03512402-3A75-4BE3-910F-1010866AA27B}"
EndProject
Project("{2150E333-8FDC-42A3-9474-1A3956D46DE8}") = "Aurora.Core", "Aurora.Core", "{B1C835B8-EB42-41C4-BC35-3478E170FA19}"
EndProject
Project("{9A19103F-16F7-4668-BE54-9A1E7A4F7556}") = "Aurora.Core.Data", "Aurora.Core\Aurora.Core.Data\Aurora.Core.Data.csproj", "{4733A10C-CB53-4775-A221-EBC6A35FF9A9}"
EndProject
Project("{2150E333-8FDC-42A3-9474-1A3956D46DE8}") = "Server", "Server", "{4B57A2E3-7C2E-4193-AADC-17AB0054B293}"
EndProject
Project("{9A19103F-16F7-4668-BE54-9A1E7A4F7556}") = "Aurora.SMS.Data", "Aurora.SMS\Aurora.SMS.Data\Aurora.SMS.Data.csproj", "{B807EB9E-1880-4B39-BAAE-37F169DD95AF}"
EndProject
Project("{9A19103F-16F7-4668-BE54-9A1E7A4F7556}") = "Aurora.SMS.EFModel", "Aurora.SMS\Aurora.SMS.EFModel\Aurora.SMS.EFModel.csproj", "{2C2AE7A3-E392-4D96-A4BF-8023B905D981}"
EndProject
Project("{9A19103F-16F7-4668-BE54-9A1E7A4F7556}") = "Aurora.SMS.Modeling", "Aurora.SMS\Aurora.SMS.Modeling\Aurora.SMS.Modeling.csproj", "{BDEE4602-24CA-4B7C-A9A8-CEA2FEF401C6}"
EndProject
Project("{9A19103F-16F7-4668-BE54-9A1E7A4F7556}") = "Aurora.SMS.Providers", "Aurora.SMS\Aurora.SMS.Providers\Aurora.SMS.Providers.csproj", "{7CDA18AF-55E0-49C2-9C3B-5418E9463697}"
EndProject
Project("{9A19103F-16F7-4668-BE54-9A1E7A4F7556}") = "Aurora.SMS.Service", "Aurora.SMS\Aurora.SMS.Service\Aurora.SMS.Service.csproj", "{8A2C3C4A-02AD-4FE5-A569-6BAED379C7C1}"
EndProject
Project("{9A19103F-16F7-4668-BE54-9A1E7A4F7556}") = "Aurora.SMS.WebApi", "Aurora.SMS\Aurora.SMS.WebApi\Aurora.SMS.WebApi.csproj", "{B4504A61-10ED-4228-93F4-F32A35EF8247}"
EndProject
Project("{2150E333-8FDC-42A3-9474-1A3956D46DE8}") = "ExternalAPIs", "ExternalAPIs", "{0445599A-1556-4B4D-BB42-8FB0ACCC97D2}"
EndProject
Project("{9A19103F-16F7-4668-BE54-9A1E7A4F7556}") = "Aurora.SMS.FakeProvider.WebApi", "Aurora.SMS\Aurora.SMS.FakeProvider.WebApi\Aurora.SMS.FakeProvider.WebApi.csproj", "{39E0C5DA-5D63-4280-AE50-EA0CCE0C1C4F}"
EndProject
Project("{2150E333-8FDC-42A3-9474-1A3956D46DE8}") = "Aurora.Insurance", "Aurora.Insurance", "{7C56309C-D102-4D1C-9E15-49EBB8252A0E}"
EndProject
Project("{9A19103F-16F7-4668-BE54-9A1E7A4F7556}") = "Aurora.Insurance.Services", "Aurora.Insurance\Aurora.Insurance.Services\Aurora.Insurance.Services.csproj", "{5E81AF02-5587-4734-B0F5-AFD3DABBA957}"
EndProject
Project("{9A19103F-16F7-4668-BE54-9A1E7A4F7556}") = "Aurora.Insurance.EFModel", "Aurora.Insurance\Aurora.Insurance.EFModel\Aurora.Insurance.EFModel.csproj", "{BC713F7F-F5E4-477E-9CEC-677A019D1BD0}"
EndProject
Project("{9A19103F-16F7-4668-BE54-9A1E7A4F7556}") = "Aurora.Insurance.Data", "Aurora.Insurance\Aurora.Insurance.Data\Aurora.Insurance.Data.csproj", "{31A94BC5-8F23-45FD-8E9D-33F1D144E4D8}"
EndProject
Project("{9A19103F-16F7-4668-BE54-9A1E7A4F7556}") = "Aurora.Insurance.WebAPI", "Aurora.Insurance.WebAPI\Aurora.Insurance.WebAPI.csproj", "{AE8304CF-49FB-402F-A3BC-E7570AE82E37}"
EndProject
Project("{9A19103F-16F7-4668-BE54-9A1E7A4F7556}") = "Aurora.Insurance.Blazor", "Aurora.Insurance.Blazor\Aurora.Insurance.Blazor.csproj", "{3AD54625-7281-44FB-89A7-1B1031950DCB}"
EndProject
Project("{9A19103F-16F7-4668-BE54-9A1E7A4F7556}") = "Aurora.SMS.Web", "Aurora.SMS\Aurora.SMS.Web\Aurora.SMS.Web.csproj", "{CCCD0AF0-DAA9-48B3-83AD-27D0E18D88A2}"
EndProject
Global
	GlobalSection(SolutionConfigurationPlatforms) = preSolution
		Debug|Any CPU = Debug|Any CPU
		Release|Any CPU = Release|Any CPU
	EndGlobalSection
	GlobalSection(ProjectConfigurationPlatforms) = postSolution
		{7C7D95F3-F01E-4C4F-9B1F-93C3407FDE00}.Debug|Any CPU.ActiveCfg = Debug|Any CPU
		{7C7D95F3-F01E-4C4F-9B1F-93C3407FDE00}.Debug|Any CPU.Build.0 = Debug|Any CPU
		{7C7D95F3-F01E-4C4F-9B1F-93C3407FDE00}.Release|Any CPU.ActiveCfg = Release|Any CPU
		{7C7D95F3-F01E-4C4F-9B1F-93C3407FDE00}.Release|Any CPU.Build.0 = Release|Any CPU
		{03512402-3A75-4BE3-910F-1010866AA27B}.Debug|Any CPU.ActiveCfg = Debug|Any CPU
		{03512402-3A75-4BE3-910F-1010866AA27B}.Debug|Any CPU.Build.0 = Debug|Any CPU
		{03512402-3A75-4BE3-910F-1010866AA27B}.Release|Any CPU.ActiveCfg = Release|Any CPU
		{03512402-3A75-4BE3-910F-1010866AA27B}.Release|Any CPU.Build.0 = Release|Any CPU
		{4733A10C-CB53-4775-A221-EBC6A35FF9A9}.Debug|Any CPU.ActiveCfg = Debug|Any CPU
		{4733A10C-CB53-4775-A221-EBC6A35FF9A9}.Debug|Any CPU.Build.0 = Debug|Any CPU
		{4733A10C-CB53-4775-A221-EBC6A35FF9A9}.Release|Any CPU.ActiveCfg = Release|Any CPU
		{4733A10C-CB53-4775-A221-EBC6A35FF9A9}.Release|Any CPU.Build.0 = Release|Any CPU
		{B807EB9E-1880-4B39-BAAE-37F169DD95AF}.Debug|Any CPU.ActiveCfg = Debug|Any CPU
		{B807EB9E-1880-4B39-BAAE-37F169DD95AF}.Debug|Any CPU.Build.0 = Debug|Any CPU
		{B807EB9E-1880-4B39-BAAE-37F169DD95AF}.Release|Any CPU.ActiveCfg = Release|Any CPU
		{B807EB9E-1880-4B39-BAAE-37F169DD95AF}.Release|Any CPU.Build.0 = Release|Any CPU
		{2C2AE7A3-E392-4D96-A4BF-8023B905D981}.Debug|Any CPU.ActiveCfg = Debug|Any CPU
		{2C2AE7A3-E392-4D96-A4BF-8023B905D981}.Debug|Any CPU.Build.0 = Debug|Any CPU
		{2C2AE7A3-E392-4D96-A4BF-8023B905D981}.Release|Any CPU.ActiveCfg = Release|Any CPU
		{2C2AE7A3-E392-4D96-A4BF-8023B905D981}.Release|Any CPU.Build.0 = Release|Any CPU
		{BDEE4602-24CA-4B7C-A9A8-CEA2FEF401C6}.Debug|Any CPU.ActiveCfg = Debug|Any CPU
		{BDEE4602-24CA-4B7C-A9A8-CEA2FEF401C6}.Debug|Any CPU.Build.0 = Debug|Any CPU
		{BDEE4602-24CA-4B7C-A9A8-CEA2FEF401C6}.Release|Any CPU.ActiveCfg = Release|Any CPU
		{BDEE4602-24CA-4B7C-A9A8-CEA2FEF401C6}.Release|Any CPU.Build.0 = Release|Any CPU
		{7CDA18AF-55E0-49C2-9C3B-5418E9463697}.Debug|Any CPU.ActiveCfg = Debug|Any CPU
		{7CDA18AF-55E0-49C2-9C3B-5418E9463697}.Debug|Any CPU.Build.0 = Debug|Any CPU
		{7CDA18AF-55E0-49C2-9C3B-5418E9463697}.Release|Any CPU.ActiveCfg = Release|Any CPU
		{7CDA18AF-55E0-49C2-9C3B-5418E9463697}.Release|Any CPU.Build.0 = Release|Any CPU
		{8A2C3C4A-02AD-4FE5-A569-6BAED379C7C1}.Debug|Any CPU.ActiveCfg = Debug|Any CPU
		{8A2C3C4A-02AD-4FE5-A569-6BAED379C7C1}.Debug|Any CPU.Build.0 = Debug|Any CPU
		{8A2C3C4A-02AD-4FE5-A569-6BAED379C7C1}.Release|Any CPU.ActiveCfg = Release|Any CPU
		{8A2C3C4A-02AD-4FE5-A569-6BAED379C7C1}.Release|Any CPU.Build.0 = Release|Any CPU
		{B4504A61-10ED-4228-93F4-F32A35EF8247}.Debug|Any CPU.ActiveCfg = Debug|Any CPU
		{B4504A61-10ED-4228-93F4-F32A35EF8247}.Debug|Any CPU.Build.0 = Debug|Any CPU
		{B4504A61-10ED-4228-93F4-F32A35EF8247}.Release|Any CPU.ActiveCfg = Release|Any CPU
		{B4504A61-10ED-4228-93F4-F32A35EF8247}.Release|Any CPU.Build.0 = Release|Any CPU
		{39E0C5DA-5D63-4280-AE50-EA0CCE0C1C4F}.Debug|Any CPU.ActiveCfg = Debug|Any CPU
		{39E0C5DA-5D63-4280-AE50-EA0CCE0C1C4F}.Debug|Any CPU.Build.0 = Debug|Any CPU
		{39E0C5DA-5D63-4280-AE50-EA0CCE0C1C4F}.Release|Any CPU.ActiveCfg = Release|Any CPU
		{39E0C5DA-5D63-4280-AE50-EA0CCE0C1C4F}.Release|Any CPU.Build.0 = Release|Any CPU
		{5E81AF02-5587-4734-B0F5-AFD3DABBA957}.Debug|Any CPU.ActiveCfg = Debug|Any CPU
		{5E81AF02-5587-4734-B0F5-AFD3DABBA957}.Debug|Any CPU.Build.0 = Debug|Any CPU
		{5E81AF02-5587-4734-B0F5-AFD3DABBA957}.Release|Any CPU.ActiveCfg = Release|Any CPU
		{5E81AF02-5587-4734-B0F5-AFD3DABBA957}.Release|Any CPU.Build.0 = Release|Any CPU
		{BC713F7F-F5E4-477E-9CEC-677A019D1BD0}.Debug|Any CPU.ActiveCfg = Debug|Any CPU
		{BC713F7F-F5E4-477E-9CEC-677A019D1BD0}.Debug|Any CPU.Build.0 = Debug|Any CPU
		{BC713F7F-F5E4-477E-9CEC-677A019D1BD0}.Release|Any CPU.ActiveCfg = Release|Any CPU
		{BC713F7F-F5E4-477E-9CEC-677A019D1BD0}.Release|Any CPU.Build.0 = Release|Any CPU
		{31A94BC5-8F23-45FD-8E9D-33F1D144E4D8}.Debug|Any CPU.ActiveCfg = Debug|Any CPU
		{31A94BC5-8F23-45FD-8E9D-33F1D144E4D8}.Debug|Any CPU.Build.0 = Debug|Any CPU
		{31A94BC5-8F23-45FD-8E9D-33F1D144E4D8}.Release|Any CPU.ActiveCfg = Release|Any CPU
		{31A94BC5-8F23-45FD-8E9D-33F1D144E4D8}.Release|Any CPU.Build.0 = Release|Any CPU
		{AE8304CF-49FB-402F-A3BC-E7570AE82E37}.Debug|Any CPU.ActiveCfg = Debug|Any CPU
		{AE8304CF-49FB-402F-A3BC-E7570AE82E37}.Debug|Any CPU.Build.0 = Debug|Any CPU
		{AE8304CF-49FB-402F-A3BC-E7570AE82E37}.Release|Any CPU.ActiveCfg = Release|Any CPU
		{AE8304CF-49FB-402F-A3BC-E7570AE82E37}.Release|Any CPU.Build.0 = Release|Any CPU
		{3AD54625-7281-44FB-89A7-1B1031950DCB}.Debug|Any CPU.ActiveCfg = Debug|Any CPU
		{3AD54625-7281-44FB-89A7-1B1031950DCB}.Debug|Any CPU.Build.0 = Debug|Any CPU
		{3AD54625-7281-44FB-89A7-1B1031950DCB}.Release|Any CPU.ActiveCfg = Release|Any CPU
		{3AD54625-7281-44FB-89A7-1B1031950DCB}.Release|Any CPU.Build.0 = Release|Any CPU
		{CCCD0AF0-DAA9-48B3-83AD-27D0E18D88A2}.Debug|Any CPU.ActiveCfg = Debug|Any CPU
		{CCCD0AF0-DAA9-48B3-83AD-27D0E18D88A2}.Debug|Any CPU.Build.0 = Debug|Any CPU
		{CCCD0AF0-DAA9-48B3-83AD-27D0E18D88A2}.Release|Any CPU.ActiveCfg = Release|Any CPU
		{CCCD0AF0-DAA9-48B3-83AD-27D0E18D88A2}.Release|Any CPU.Build.0 = Release|Any CPU
	EndGlobalSection
	GlobalSection(SolutionProperties) = preSolution
		HideSolutionNode = FALSE
	EndGlobalSection
	GlobalSection(NestedProjects) = preSolution
		{4733A10C-CB53-4775-A221-EBC6A35FF9A9} = {B1C835B8-EB42-41C4-BC35-3478E170FA19}
		{B807EB9E-1880-4B39-BAAE-37F169DD95AF} = {4B57A2E3-7C2E-4193-AADC-17AB0054B293}
		{2C2AE7A3-E392-4D96-A4BF-8023B905D981} = {4B57A2E3-7C2E-4193-AADC-17AB0054B293}
		{BDEE4602-24CA-4B7C-A9A8-CEA2FEF401C6} = {4B57A2E3-7C2E-4193-AADC-17AB0054B293}
		{7CDA18AF-55E0-49C2-9C3B-5418E9463697} = {4B57A2E3-7C2E-4193-AADC-17AB0054B293}
		{8A2C3C4A-02AD-4FE5-A569-6BAED379C7C1} = {4B57A2E3-7C2E-4193-AADC-17AB0054B293}
		{B4504A61-10ED-4228-93F4-F32A35EF8247} = {4B57A2E3-7C2E-4193-AADC-17AB0054B293}
		{39E0C5DA-5D63-4280-AE50-EA0CCE0C1C4F} = {0445599A-1556-4B4D-BB42-8FB0ACCC97D2}
		{5E81AF02-5587-4734-B0F5-AFD3DABBA957} = {7C56309C-D102-4D1C-9E15-49EBB8252A0E}
		{BC713F7F-F5E4-477E-9CEC-677A019D1BD0} = {7C56309C-D102-4D1C-9E15-49EBB8252A0E}
		{31A94BC5-8F23-45FD-8E9D-33F1D144E4D8} = {7C56309C-D102-4D1C-9E15-49EBB8252A0E}
		{AE8304CF-49FB-402F-A3BC-E7570AE82E37} = {7C56309C-D102-4D1C-9E15-49EBB8252A0E}
	EndGlobalSection
	GlobalSection(ExtensibilityGlobals) = postSolution
		SolutionGuid = {0CDB330D-D918-4832-8709-8AA73E75B88F}
	EndGlobalSection
EndGlobal
