
Microsoft Visual Studio Solution File, Format Version 12.00
Project("{FAE04EC0-301F-11D3-BF4B-00C04F79EFBC}") = "Aurora.Insurance.Company.Domain", "src\Aurora.Insurance.Company.Domain\Aurora.Insurance.Company.Domain.csproj", "{6809A100-0AF9-44B6-8FE6-53C086EDA3E7}"
EndProject
Project("{2150E333-8FDC-42A3-9474-1A3956D46DE8}") = "src", "src", "{97534BC7-BB68-45EF-8466-5F679A007295}"
EndProject
Project("{FAE04EC0-301F-11D3-BF4B-00C04F79EFBC}") = "Aurora.Insurance.Company.Services", "src\Aurora.Insurance.Company.Services\Aurora.Insurance.Company.Services.csproj", "{EDC43C2B-1CF2-4B3A-89A9-1A2202BA96A0}"
EndProject
Project("{FAE04EC0-301F-11D3-BF4B-00C04F79EFBC}") = "Aurora.Insurance.Company.Infrastructure", "src\Aurora.Insurance.Company.Infrastructure\Aurora.Insurance.Company.Infrastructure.csproj", "{4082434B-139A-429A-8573-722225BE0CF0}"
EndProject
Project("{FAE04EC0-301F-11D3-BF4B-00C04F79EFBC}") = "Aurora.Insurance.Company.Api", "src\Aurora.Insurance.Company.Api\Aurora.Insurance.Company.Api.csproj", "{F105833D-7D89-4D8B-8BF6-E57236336E98}"
EndProject
Project("{2150E333-8FDC-42A3-9474-1A3956D46DE8}") = "Docker", "Docker", "{F8D68E71-949F-4DBB-A423-98E8EB4312F9}"
ProjectSection(SolutionItems) = preProject
	Dockerfile = Dockerfile
	.dockerignore = .dockerignore
	NuGet.Config = NuGet.Config
EndProjectSection
EndProject
Global
	GlobalSection(SolutionConfigurationPlatforms) = preSolution
		Debug|Any CPU = Debug|Any CPU
		Release|Any CPU = Release|Any CPU
	EndGlobalSection
	GlobalSection(ProjectConfigurationPlatforms) = postSolution
		{6809A100-0AF9-44B6-8FE6-53C086EDA3E7}.Debug|Any CPU.ActiveCfg = Debug|Any CPU
		{6809A100-0AF9-44B6-8FE6-53C086EDA3E7}.Debug|Any CPU.Build.0 = Debug|Any CPU
		{6809A100-0AF9-44B6-8FE6-53C086EDA3E7}.Release|Any CPU.ActiveCfg = Release|Any CPU
		{6809A100-0AF9-44B6-8FE6-53C086EDA3E7}.Release|Any CPU.Build.0 = Release|Any CPU
		{EDC43C2B-1CF2-4B3A-89A9-1A2202BA96A0}.Debug|Any CPU.ActiveCfg = Debug|Any CPU
		{EDC43C2B-1CF2-4B3A-89A9-1A2202BA96A0}.Debug|Any CPU.Build.0 = Debug|Any CPU
		{EDC43C2B-1CF2-4B3A-89A9-1A2202BA96A0}.Release|Any CPU.ActiveCfg = Release|Any CPU
		{EDC43C2B-1CF2-4B3A-89A9-1A2202BA96A0}.Release|Any CPU.Build.0 = Release|Any CPU
		{4082434B-139A-429A-8573-722225BE0CF0}.Debug|Any CPU.ActiveCfg = Debug|Any CPU
		{4082434B-139A-429A-8573-722225BE0CF0}.Debug|Any CPU.Build.0 = Debug|Any CPU
		{4082434B-139A-429A-8573-722225BE0CF0}.Release|Any CPU.ActiveCfg = Release|Any CPU
		{4082434B-139A-429A-8573-722225BE0CF0}.Release|Any CPU.Build.0 = Release|Any CPU
		{F105833D-7D89-4D8B-8BF6-E57236336E98}.Debug|Any CPU.ActiveCfg = Debug|Any CPU
		{F105833D-7D89-4D8B-8BF6-E57236336E98}.Debug|Any CPU.Build.0 = Debug|Any CPU
		{F105833D-7D89-4D8B-8BF6-E57236336E98}.Release|Any CPU.ActiveCfg = Release|Any CPU
		{F105833D-7D89-4D8B-8BF6-E57236336E98}.Release|Any CPU.Build.0 = Release|Any CPU
	EndGlobalSection
	GlobalSection(NestedProjects) = preSolution
		{6809A100-0AF9-44B6-8FE6-53C086EDA3E7} = {97534BC7-BB68-45EF-8466-5F679A007295}
		{EDC43C2B-1CF2-4B3A-89A9-1A2202BA96A0} = {97534BC7-BB68-45EF-8466-5F679A007295}
		{4082434B-139A-429A-8573-722225BE0CF0} = {97534BC7-BB68-45EF-8466-5F679A007295}
		{F105833D-7D89-4D8B-8BF6-E57236336E98} = {97534BC7-BB68-45EF-8466-5F679A007295}
	EndGlobalSection
EndGlobal
