
Microsoft Visual Studio Solution File, Format Version 12.00
# Visual Studio 15
VisualStudioVersion = 15.0.26430.16
MinimumVisualStudioVersion = 10.0.40219.1
Project("{FAE04EC0-301F-11D3-BF4B-00C04F79EFBC}") = "Aurora.Core.Data", "Aurora.Core.Data\Aurora.Core.Data.csproj", "{8B471401-C3F2-4760-8B32-388125E905EC}"
EndProject
Project("{FAE04EC0-301F-11D3-BF4B-00C04F79EFBC}") = "Aurora.Core.Data.Tests", "Aurora.Core.Data.Tests\Aurora.Core.Data.Tests.csproj", "{BC4BC744-300F-4142-8B2F-9B0C6DF89A95}"
EndProject
Global
	GlobalSection(SolutionConfigurationPlatforms) = preSolution
		Debug|Any CPU = Debug|Any CPU
		Release|Any CPU = Release|Any CPU
	EndGlobalSection
	GlobalSection(ProjectConfigurationPlatforms) = postSolution
		{8B471401-C3F2-4760-8B32-388125E905EC}.Debug|Any CPU.ActiveCfg = Debug|Any CPU
		{8B471401-C3F2-4760-8B32-388125E905EC}.Debug|Any CPU.Build.0 = Debug|Any CPU
		{8B471401-C3F2-4760-8B32-388125E905EC}.Release|Any CPU.ActiveCfg = Release|Any CPU
		{8B471401-C3F2-4760-8B32-388125E905EC}.Release|Any CPU.Build.0 = Release|Any CPU
		{BC4BC744-300F-4142-8B2F-9B0C6DF89A95}.Debug|Any CPU.ActiveCfg = Debug|Any CPU
		{BC4BC744-300F-4142-8B2F-9B0C6DF89A95}.Debug|Any CPU.Build.0 = Debug|Any CPU
		{BC4BC744-300F-4142-8B2F-9B0C6DF89A95}.Release|Any CPU.ActiveCfg = Release|Any CPU
		{BC4BC744-300F-4142-8B2F-9B0C6DF89A95}.Release|Any CPU.Build.0 = Release|Any CPU
	EndGlobalSection
	GlobalSection(SolutionProperties) = preSolution
		HideSolutionNode = FALSE
	EndGlobalSection
EndGlobal
