
Microsoft Visual Studio Solution File, Format Version 12.00
# Visual Studio 15
VisualStudioVersion = 15.0.26730.8
MinimumVisualStudioVersion = 10.0.40219.1
Project("{9A19103F-16F7-4668-BE54-9A1E7A4F7556}") = "Aurora.Core.Data", "Aurora.Core.Data\Aurora.Core.Data.csproj", "{8B471401-C3F2-4760-8B32-388125E905EC}"
EndProject
Project("{9A19103F-16F7-4668-BE54-9A1E7A4F7556}") = "Aurora.Core.Data.Tests", "Aurora.Core.Data.Tests\Aurora.Core.Data.Tests.csproj", "{BC4BC744-300F-4142-8B2F-9B0C6DF89A95}"
EndProject
Project("{9A19103F-16F7-4668-BE54-9A1E7A4F7556}") = "Aurora.SMS.EFModel", "..\Aurora.SMS\Aurora.SMS.EFModel\Aurora.SMS.EFModel.csproj", "{2E89A4AF-FCAE-4B16-A67A-6629A722AEDF}"
EndProject
Project("{9A19103F-16F7-4668-BE54-9A1E7A4F7556}") = "Aurora.SMS.Service", "..\Aurora.SMS\Aurora.SMS.Service\Aurora.SMS.Service.csproj", "{2D70346D-03CD-494D-AA86-4833DB4E7B9B}"
EndProject
Project("{9A19103F-16F7-4668-BE54-9A1E7A4F7556}") = "Aurora.SMS.Data", "..\Aurora.SMS\Aurora.SMS.Data\Aurora.SMS.Data.csproj", "{982FD29C-C568-410F-BB83-314497CD2130}"
EndProject
Global
	GlobalSection(SolutionConfigurationPlatforms) = preSolution
		Debug|Any CPU = Debug|Any CPU
		Release|Any CPU = Release|Any CPU
	EndGlobalSection
	GlobalSection(ProjectConfigurationPlatforms) = postSolution
		{8B471401-C3F2-4760-8B32-388125E905EC}.Debug|Any CPU.ActiveCfg = Debug|Any CPU
		{8B471401-C3F2-4760-8B32-388125E905EC}.Debug|Any CPU.Build.0 = Debug|Any CPU
		{8B471401-C3F2-4760-8B32-388125E905EC}.Release|Any CPU.ActiveCfg = Release|Any CPU
		{8B471401-C3F2-4760-8B32-388125E905EC}.Release|Any CPU.Build.0 = Release|Any CPU
		{BC4BC744-300F-4142-8B2F-9B0C6DF89A95}.Debug|Any CPU.ActiveCfg = Debug|Any CPU
		{BC4BC744-300F-4142-8B2F-9B0C6DF89A95}.Debug|Any CPU.Build.0 = Debug|Any CPU
		{BC4BC744-300F-4142-8B2F-9B0C6DF89A95}.Release|Any CPU.ActiveCfg = Release|Any CPU
		{BC4BC744-300F-4142-8B2F-9B0C6DF89A95}.Release|Any CPU.Build.0 = Release|Any CPU
		{2E89A4AF-FCAE-4B16-A67A-6629A722AEDF}.Debug|Any CPU.ActiveCfg = Debug|Any CPU
		{2E89A4AF-FCAE-4B16-A67A-6629A722AEDF}.Debug|Any CPU.Build.0 = Debug|Any CPU
		{2E89A4AF-FCAE-4B16-A67A-6629A722AEDF}.Release|Any CPU.ActiveCfg = Release|Any CPU
		{2E89A4AF-FCAE-4B16-A67A-6629A722AEDF}.Release|Any CPU.Build.0 = Release|Any CPU
		{2D70346D-03CD-494D-AA86-4833DB4E7B9B}.Debug|Any CPU.ActiveCfg = Debug|Any CPU
		{2D70346D-03CD-494D-AA86-4833DB4E7B9B}.Debug|Any CPU.Build.0 = Debug|Any CPU
		{2D70346D-03CD-494D-AA86-4833DB4E7B9B}.Release|Any CPU.ActiveCfg = Release|Any CPU
		{2D70346D-03CD-494D-AA86-4833DB4E7B9B}.Release|Any CPU.Build.0 = Release|Any CPU
		{982FD29C-C568-410F-BB83-314497CD2130}.Debug|Any CPU.ActiveCfg = Debug|Any CPU
		{982FD29C-C568-410F-BB83-314497CD2130}.Debug|Any CPU.Build.0 = Debug|Any CPU
		{982FD29C-C568-410F-BB83-314497CD2130}.Release|Any CPU.ActiveCfg = Release|Any CPU
		{982FD29C-C568-410F-BB83-314497CD2130}.Release|Any CPU.Build.0 = Release|Any CPU
	EndGlobalSection
	GlobalSection(SolutionProperties) = preSolution
		HideSolutionNode = FALSE
	EndGlobalSection
	GlobalSection(ExtensibilityGlobals) = postSolution
		SolutionGuid = {BB0795D6-C0FA-4F2F-B5DD-1363101AFDF4}
	EndGlobalSection
EndGlobal
